
Microsoft Visual Studio Solution File, Format Version 12.00
# Visual Studio Version 16
VisualStudioVersion = 16.0.30104.148
MinimumVisualStudioVersion = 10.0.40219.1
Project("{FAE04EC0-301F-11D3-BF4B-00C04F79EFBC}") = "SC-883-Sample-NetFramework", "SC-883-Sample-NetFramework\SC-883-Sample-NetFramework.csproj", "{288A5953-9675-4103-8207-3ACDB60ABB80}"
EndProject
Global
	GlobalSection(SolutionConfigurationPlatforms) = preSolution
		Debug|Any CPU = Debug|Any CPU
		Release|Any CPU = Release|Any CPU
	EndGlobalSection
	GlobalSection(ProjectConfigurationPlatforms) = postSolution
		{288A5953-9675-4103-8207-3ACDB60ABB80}.Debug|Any CPU.ActiveCfg = Debug|Any CPU
		{288A5953-9675-4103-8207-3ACDB60ABB80}.Debug|Any CPU.Build.0 = Debug|Any CPU
		{288A5953-9675-4103-8207-3ACDB60ABB80}.Release|Any CPU.ActiveCfg = Release|Any CPU
		{288A5953-9675-4103-8207-3ACDB60ABB80}.Release|Any CPU.Build.0 = Release|Any CPU
	EndGlobalSection
	GlobalSection(SolutionProperties) = preSolution
		HideSolutionNode = FALSE
	EndGlobalSection
	GlobalSection(ExtensibilityGlobals) = postSolution
		SolutionGuid = {5B545513-22C0-4E07-AF90-C572CC2187A0}
	EndGlobalSection
EndGlobal
